
Microsoft Visual Studio Solution File, Format Version 12.00
# Visual Studio Version 16
VisualStudioVersion = 16.0.30204.135
MinimumVisualStudioVersion = 10.0.40219.1
Project("{2150E333-8FDC-42A3-9474-1A3956D46DE8}") = "Source", "Source", "{89832717-B857-4D63-9EF3-386C078A8F3F}"
EndProject
Project("{9A19103F-16F7-4668-BE54-9A1E7A4F7556}") = "Revix.Core.Api", "src\Revix.Core.Api\Revix.Core.Api.csproj", "{D3644C01-7C94-470B-B7B0-53274D940BE7}"
EndProject
Project("{2150E333-8FDC-42A3-9474-1A3956D46DE8}") = "Tests", "Tests", "{FE116F94-20AD-43D0-98E6-0CBCD5891CF4}"
EndProject
Project("{9A19103F-16F7-4668-BE54-9A1E7A4F7556}") = "Revix.Core.Application", "src\Revix.Core.Application\Revix.Core.Application.csproj", "{13403EA1-DFE2-41B2-8AEA-A3B377E518AA}"
EndProject
Project("{9A19103F-16F7-4668-BE54-9A1E7A4F7556}") = "Revix.Core.Domain", "src\Revix.Core.Domain\Revix.Core.Domain.csproj", "{C5AFCC72-D359-4A3E-B90C-9075C0644836}"
EndProject
Project("{9A19103F-16F7-4668-BE54-9A1E7A4F7556}") = "Revix.Core.Infrastructure", "src\Revix.Core.Infrastructure\Revix.Core.Infrastructure.csproj", "{B64CBABB-EFAA-4930-9913-5B687BDD66B7}"
EndProject
Project("{9A19103F-16F7-4668-BE54-9A1E7A4F7556}") = "Revix.Core.UnitTests", "tests\Revix.Core.UnitTests\Revix.Core.UnitTests.csproj", "{83C1063A-FFE8-46BB-8EB0-BE38486C92E0}"
EndProject
Project("{9A19103F-16F7-4668-BE54-9A1E7A4F7556}") = "Revix.Core.FunctionalTests", "tests\Revix.Core.FunctionalTests\Revix.Core.FunctionalTests.csproj", "{1B392E27-3F17-4F08-965E-E411036B715A}"
EndProject
Project("{9A19103F-16F7-4668-BE54-9A1E7A4F7556}") = "Revix.Core.IntegrationTests", "tests\Revix.Core.IntegrationTests\Revix.Core.IntegrationTests.csproj", "{EFAA64C1-B993-43B1-82EE-847838CA8097}"
EndProject
Project("{2150E333-8FDC-42A3-9474-1A3956D46DE8}") = "Common", "Common", "{DD9EF5AC-18A9-4492-9ED5-8B470A831435}"
EndProject
Project("{2150E333-8FDC-42A3-9474-1A3956D46DE8}") = "Api", "Api", "{D0F3C1CB-F31E-4DF3-A8EC-CE4B2A1D9FBC}"
EndProject
Project("{FAE04EC0-301F-11D3-BF4B-00C04F79EFBC}") = "Revix.Core.Common", "src\Revix.Core.Common\Revix.Core.Common.csproj", "{F9757197-4778-4D58-9CC3-66636F6F6EE7}"
EndProject
Project("{2150E333-8FDC-42A3-9474-1A3956D46DE8}") = "Domain", "Domain", "{3D86F886-B7D9-4903-8FCA-7BDBC5A3671B}"
EndProject
Project("{2150E333-8FDC-42A3-9474-1A3956D46DE8}") = "Infrastructure", "Infrastructure", "{A04387A8-5365-49ED-86C9-2661F0D374BD}"
EndProject
Project("{2150E333-8FDC-42A3-9474-1A3956D46DE8}") = "Application", "Application", "{29C3C581-188B-4B21-9BEA-B8591DCD6D48}"
EndProject
Global
	GlobalSection(SolutionConfigurationPlatforms) = preSolution
		Debug|Any CPU = Debug|Any CPU
		Release|Any CPU = Release|Any CPU
	EndGlobalSection
	GlobalSection(ProjectConfigurationPlatforms) = postSolution
		{D3644C01-7C94-470B-B7B0-53274D940BE7}.Debug|Any CPU.ActiveCfg = Debug|Any CPU
		{D3644C01-7C94-470B-B7B0-53274D940BE7}.Debug|Any CPU.Build.0 = Debug|Any CPU
		{D3644C01-7C94-470B-B7B0-53274D940BE7}.Release|Any CPU.ActiveCfg = Release|Any CPU
		{D3644C01-7C94-470B-B7B0-53274D940BE7}.Release|Any CPU.Build.0 = Release|Any CPU
		{13403EA1-DFE2-41B2-8AEA-A3B377E518AA}.Debug|Any CPU.ActiveCfg = Debug|Any CPU
		{13403EA1-DFE2-41B2-8AEA-A3B377E518AA}.Debug|Any CPU.Build.0 = Debug|Any CPU
		{13403EA1-DFE2-41B2-8AEA-A3B377E518AA}.Release|Any CPU.ActiveCfg = Release|Any CPU
		{13403EA1-DFE2-41B2-8AEA-A3B377E518AA}.Release|Any CPU.Build.0 = Release|Any CPU
		{C5AFCC72-D359-4A3E-B90C-9075C0644836}.Debug|Any CPU.ActiveCfg = Debug|Any CPU
		{C5AFCC72-D359-4A3E-B90C-9075C0644836}.Debug|Any CPU.Build.0 = Debug|Any CPU
		{C5AFCC72-D359-4A3E-B90C-9075C0644836}.Release|Any CPU.ActiveCfg = Release|Any CPU
		{C5AFCC72-D359-4A3E-B90C-9075C0644836}.Release|Any CPU.Build.0 = Release|Any CPU
		{B64CBABB-EFAA-4930-9913-5B687BDD66B7}.Debug|Any CPU.ActiveCfg = Debug|Any CPU
		{B64CBABB-EFAA-4930-9913-5B687BDD66B7}.Debug|Any CPU.Build.0 = Debug|Any CPU
		{B64CBABB-EFAA-4930-9913-5B687BDD66B7}.Release|Any CPU.ActiveCfg = Release|Any CPU
		{B64CBABB-EFAA-4930-9913-5B687BDD66B7}.Release|Any CPU.Build.0 = Release|Any CPU
		{83C1063A-FFE8-46BB-8EB0-BE38486C92E0}.Debug|Any CPU.ActiveCfg = Debug|Any CPU
		{83C1063A-FFE8-46BB-8EB0-BE38486C92E0}.Debug|Any CPU.Build.0 = Debug|Any CPU
		{83C1063A-FFE8-46BB-8EB0-BE38486C92E0}.Release|Any CPU.ActiveCfg = Release|Any CPU
		{83C1063A-FFE8-46BB-8EB0-BE38486C92E0}.Release|Any CPU.Build.0 = Release|Any CPU
		{1B392E27-3F17-4F08-965E-E411036B715A}.Debug|Any CPU.ActiveCfg = Debug|Any CPU
		{1B392E27-3F17-4F08-965E-E411036B715A}.Debug|Any CPU.Build.0 = Debug|Any CPU
		{1B392E27-3F17-4F08-965E-E411036B715A}.Release|Any CPU.ActiveCfg = Release|Any CPU
		{1B392E27-3F17-4F08-965E-E411036B715A}.Release|Any CPU.Build.0 = Release|Any CPU
		{EFAA64C1-B993-43B1-82EE-847838CA8097}.Debug|Any CPU.ActiveCfg = Debug|Any CPU
		{EFAA64C1-B993-43B1-82EE-847838CA8097}.Debug|Any CPU.Build.0 = Debug|Any CPU
		{EFAA64C1-B993-43B1-82EE-847838CA8097}.Release|Any CPU.ActiveCfg = Release|Any CPU
		{EFAA64C1-B993-43B1-82EE-847838CA8097}.Release|Any CPU.Build.0 = Release|Any CPU
		{F9757197-4778-4D58-9CC3-66636F6F6EE7}.Debug|Any CPU.ActiveCfg = Debug|Any CPU
		{F9757197-4778-4D58-9CC3-66636F6F6EE7}.Debug|Any CPU.Build.0 = Debug|Any CPU
		{F9757197-4778-4D58-9CC3-66636F6F6EE7}.Release|Any CPU.ActiveCfg = Release|Any CPU
		{F9757197-4778-4D58-9CC3-66636F6F6EE7}.Release|Any CPU.Build.0 = Release|Any CPU
	EndGlobalSection
	GlobalSection(SolutionProperties) = preSolution
		HideSolutionNode = FALSE
	EndGlobalSection
	GlobalSection(NestedProjects) = preSolution
		{1B392E27-3F17-4F08-965E-E411036B715A} = {FE116F94-20AD-43D0-98E6-0CBCD5891CF4}
		{D0F3C1CB-F31E-4DF3-A8EC-CE4B2A1D9FBC} = {89832717-B857-4D63-9EF3-386C078A8F3F}
		{D3644C01-7C94-470B-B7B0-53274D940BE7} = {D0F3C1CB-F31E-4DF3-A8EC-CE4B2A1D9FBC}
		{EFAA64C1-B993-43B1-82EE-847838CA8097} = {FE116F94-20AD-43D0-98E6-0CBCD5891CF4}
		{83C1063A-FFE8-46BB-8EB0-BE38486C92E0} = {FE116F94-20AD-43D0-98E6-0CBCD5891CF4}
		{F9757197-4778-4D58-9CC3-66636F6F6EE7} = {DD9EF5AC-18A9-4492-9ED5-8B470A831435}
		{3D86F886-B7D9-4903-8FCA-7BDBC5A3671B} = {89832717-B857-4D63-9EF3-386C078A8F3F}
		{A04387A8-5365-49ED-86C9-2661F0D374BD} = {89832717-B857-4D63-9EF3-386C078A8F3F}
		{DD9EF5AC-18A9-4492-9ED5-8B470A831435} = {89832717-B857-4D63-9EF3-386C078A8F3F}
		{B64CBABB-EFAA-4930-9913-5B687BDD66B7} = {A04387A8-5365-49ED-86C9-2661F0D374BD}
		{C5AFCC72-D359-4A3E-B90C-9075C0644836} = {3D86F886-B7D9-4903-8FCA-7BDBC5A3671B}
		{29C3C581-188B-4B21-9BEA-B8591DCD6D48} = {89832717-B857-4D63-9EF3-386C078A8F3F}
		{13403EA1-DFE2-41B2-8AEA-A3B377E518AA} = {29C3C581-188B-4B21-9BEA-B8591DCD6D48}
	EndGlobalSection
	GlobalSection(ExtensibilityGlobals) = postSolution
		SolutionGuid = {FE0E6450-F41E-44E6-9E54-D6B7F2336067}
	EndGlobalSection
EndGlobal
